// !$*UTF8*$!
{
	archiveVersion = 1;
	classes = {
	};
	objectVersion = 56;
	objects = {

/* Begin PBXBuildFile section */
		81F31C9928948B2E0BD465C7 /* Pods_Cinetopia.framework in Frameworks */ = {isa = PBXBuildFile; fileRef = AD9537B32E73B71CA9B878EB /* Pods_Cinetopia.framework */; };
		BD09BED52C937AC1001C8AC8 /* FavoriteCollectionReusableView.swift in Sources */ = {isa = PBXBuildFile; fileRef = BD09BED42C937AC1001C8AC8 /* FavoriteCollectionReusableView.swift */; };
		BD09BED72C9475B5001C8AC8 /* TabBarController.swift in Sources */ = {isa = PBXBuildFile; fileRef = BD09BED62C9475B5001C8AC8 /* TabBarController.swift */; };
		BD1695D42C752B2100E5A930 /* MovieService.swift in Sources */ = {isa = PBXBuildFile; fileRef = BD1695D32C752B2100E5A930 /* MovieService.swift */; };
		BD4733262C6B7B120000777B /* MoviesViewController.swift in Sources */ = {isa = PBXBuildFile; fileRef = BD4733252C6B7B120000777B /* MoviesViewController.swift */; };
		BD6603FB2C8F97DA00B7D901 /* FavoriteMoviesViewController.swift in Sources */ = {isa = PBXBuildFile; fileRef = BD6603FA2C8F97DA00B7D901 /* FavoriteMoviesViewController.swift */; };
		BD6603FD2C8FB49B00B7D901 /* FavoriteMovieCollectionViewCell.swift in Sources */ = {isa = PBXBuildFile; fileRef = BD6603FC2C8FB49B00B7D901 /* FavoriteMovieCollectionViewCell.swift */; };
		BDEB1A6D2C6F00650017E11A /* Movie.swift in Sources */ = {isa = PBXBuildFile; fileRef = BDEB1A6C2C6F00650017E11A /* Movie.swift */; };
		BDEB1A702C6FC3550017E11A /* MovieTableViewCell.swift in Sources */ = {isa = PBXBuildFile; fileRef = BDEB1A6F2C6FC3550017E11A /* MovieTableViewCell.swift */; };
		BDEB1A722C738AF80017E11A /* MovieDetailsViewController.swift in Sources */ = {isa = PBXBuildFile; fileRef = BDEB1A712C738AF80017E11A /* MovieDetailsViewController.swift */; };
		BDECC3952C667239007EDEFE /* AppDelegate.swift in Sources */ = {isa = PBXBuildFile; fileRef = BDECC3942C667239007EDEFE /* AppDelegate.swift */; };
		BDECC3972C667239007EDEFE /* SceneDelegate.swift in Sources */ = {isa = PBXBuildFile; fileRef = BDECC3962C667239007EDEFE /* SceneDelegate.swift */; };
		BDECC3992C667239007EDEFE /* HomeViewController.swift in Sources */ = {isa = PBXBuildFile; fileRef = BDECC3982C667239007EDEFE /* HomeViewController.swift */; };
		BDECC39E2C667241007EDEFE /* Assets.xcassets in Resources */ = {isa = PBXBuildFile; fileRef = BDECC39D2C667241007EDEFE /* Assets.xcassets */; };
		BDECC3A12C667241007EDEFE /* Base in Resources */ = {isa = PBXBuildFile; fileRef = BDECC3A02C667241007EDEFE /* Base */; };
/* End PBXBuildFile section */

/* Begin PBXFileReference section */
		601E321DE09054B3B93E9EF1 /* Pods-Cinetopia.debug.xcconfig */ = {isa = PBXFileReference; includeInIndex = 1; lastKnownFileType = text.xcconfig; name = "Pods-Cinetopia.debug.xcconfig"; path = "Target Support Files/Pods-Cinetopia/Pods-Cinetopia.debug.xcconfig"; sourceTree = "<group>"; };
		8013102371F53AA2CD2FDD28 /* Pods-Cinetopia.release.xcconfig */ = {isa = PBXFileReference; includeInIndex = 1; lastKnownFileType = text.xcconfig; name = "Pods-Cinetopia.release.xcconfig"; path = "Target Support Files/Pods-Cinetopia/Pods-Cinetopia.release.xcconfig"; sourceTree = "<group>"; };
		AD9537B32E73B71CA9B878EB /* Pods_Cinetopia.framework */ = {isa = PBXFileReference; explicitFileType = wrapper.framework; includeInIndex = 0; path = Pods_Cinetopia.framework; sourceTree = BUILT_PRODUCTS_DIR; };
		BD09BED42C937AC1001C8AC8 /* FavoriteCollectionReusableView.swift */ = {isa = PBXFileReference; lastKnownFileType = sourcecode.swift; path = FavoriteCollectionReusableView.swift; sourceTree = "<group>"; };
		BD09BED62C9475B5001C8AC8 /* TabBarController.swift */ = {isa = PBXFileReference; lastKnownFileType = sourcecode.swift; path = TabBarController.swift; sourceTree = "<group>"; };
		BD1695D32C752B2100E5A930 /* MovieService.swift */ = {isa = PBXFileReference; lastKnownFileType = sourcecode.swift; path = MovieService.swift; sourceTree = "<group>"; };
		BD4733252C6B7B120000777B /* MoviesViewController.swift */ = {isa = PBXFileReference; lastKnownFileType = sourcecode.swift; path = MoviesViewController.swift; sourceTree = "<group>"; };
		BD6603FA2C8F97DA00B7D901 /* FavoriteMoviesViewController.swift */ = {isa = PBXFileReference; lastKnownFileType = sourcecode.swift; path = FavoriteMoviesViewController.swift; sourceTree = "<group>"; };
		BD6603FC2C8FB49B00B7D901 /* FavoriteMovieCollectionViewCell.swift */ = {isa = PBXFileReference; lastKnownFileType = sourcecode.swift; path = FavoriteMovieCollectionViewCell.swift; sourceTree = "<group>"; };
		BDEB1A6C2C6F00650017E11A /* Movie.swift */ = {isa = PBXFileReference; lastKnownFileType = sourcecode.swift; path = Movie.swift; sourceTree = "<group>"; };
		BDEB1A6F2C6FC3550017E11A /* MovieTableViewCell.swift */ = {isa = PBXFileReference; lastKnownFileType = sourcecode.swift; path = MovieTableViewCell.swift; sourceTree = "<group>"; };
		BDEB1A712C738AF80017E11A /* MovieDetailsViewController.swift */ = {isa = PBXFileReference; lastKnownFileType = sourcecode.swift; path = MovieDetailsViewController.swift; sourceTree = "<group>"; };
		BDECC3912C667239007EDEFE /* Cinetopia.app */ = {isa = PBXFileReference; explicitFileType = wrapper.application; includeInIndex = 0; path = Cinetopia.app; sourceTree = BUILT_PRODUCTS_DIR; };
		BDECC3942C667239007EDEFE /* AppDelegate.swift */ = {isa = PBXFileReference; lastKnownFileType = sourcecode.swift; path = AppDelegate.swift; sourceTree = "<group>"; };
		BDECC3962C667239007EDEFE /* SceneDelegate.swift */ = {isa = PBXFileReference; lastKnownFileType = sourcecode.swift; path = SceneDelegate.swift; sourceTree = "<group>"; };
		BDECC3982C667239007EDEFE /* HomeViewController.swift */ = {isa = PBXFileReference; lastKnownFileType = sourcecode.swift; path = HomeViewController.swift; sourceTree = "<group>"; };
		BDECC39D2C667241007EDEFE /* Assets.xcassets */ = {isa = PBXFileReference; lastKnownFileType = folder.assetcatalog; path = Assets.xcassets; sourceTree = "<group>"; };
		BDECC3A02C667241007EDEFE /* Base */ = {isa = PBXFileReference; lastKnownFileType = file.storyboard; name = Base; path = Base.lproj/LaunchScreen.storyboard; sourceTree = "<group>"; };
		BDECC3A22C667241007EDEFE /* Info.plist */ = {isa = PBXFileReference; lastKnownFileType = text.plist.xml; path = Info.plist; sourceTree = "<group>"; };
/* End PBXFileReference section */

/* Begin PBXFrameworksBuildPhase section */
		BDECC38E2C667239007EDEFE /* Frameworks */ = {
			isa = PBXFrameworksBuildPhase;
			buildActionMask = 2147483647;
			files = (
				81F31C9928948B2E0BD465C7 /* Pods_Cinetopia.framework in Frameworks */,
			);
			runOnlyForDeploymentPostprocessing = 0;
		};
/* End PBXFrameworksBuildPhase section */

/* Begin PBXGroup section */
		7BFBE6E6A7CFA0860F8ACB75 /* Pods */ = {
			isa = PBXGroup;
			children = (
				601E321DE09054B3B93E9EF1 /* Pods-Cinetopia.debug.xcconfig */,
				8013102371F53AA2CD2FDD28 /* Pods-Cinetopia.release.xcconfig */,
			);
			path = Pods;
			sourceTree = "<group>";
		};
		A5746828C2B8E36628E1196F /* Frameworks */ = {
			isa = PBXGroup;
			children = (
				AD9537B32E73B71CA9B878EB /* Pods_Cinetopia.framework */,
			);
			name = Frameworks;
			sourceTree = "<group>";
		};
		BD1695D22C752B0C00E5A930 /* Service */ = {
			isa = PBXGroup;
			children = (
				BD1695D32C752B2100E5A930 /* MovieService.swift */,
			);
			path = Service;
			sourceTree = "<group>";
		};
		BDEB1A692C6EF3400017E11A /* ViewControllers */ = {
			isa = PBXGroup;
			children = (
				BD4733252C6B7B120000777B /* MoviesViewController.swift */,
				BDECC3982C667239007EDEFE /* HomeViewController.swift */,
				BDEB1A712C738AF80017E11A /* MovieDetailsViewController.swift */,
				BD6603FA2C8F97DA00B7D901 /* FavoriteMoviesViewController.swift */,
				BD09BED62C9475B5001C8AC8 /* TabBarController.swift */,
			);
			path = ViewControllers;
			sourceTree = "<group>";
		};
		BDEB1A6A2C6EFFF40017E11A /* Model */ = {
			isa = PBXGroup;
			children = (
				BDEB1A6C2C6F00650017E11A /* Movie.swift */,
			);
			path = Model;
			sourceTree = "<group>";
		};
		BDEB1A6E2C6FC3270017E11A /* Cell */ = {
			isa = PBXGroup;
			children = (
				BDEB1A6F2C6FC3550017E11A /* MovieTableViewCell.swift */,
				BD6603FC2C8FB49B00B7D901 /* FavoriteMovieCollectionViewCell.swift */,
				BD09BED42C937AC1001C8AC8 /* FavoriteCollectionReusableView.swift */,
			);
			path = Cell;
			sourceTree = "<group>";
		};
		BDECC3882C667239007EDEFE = {
			isa = PBXGroup;
			children = (
				BDECC3932C667239007EDEFE /* Cinetopia */,
				BDECC3922C667239007EDEFE /* Products */,
				7BFBE6E6A7CFA0860F8ACB75 /* Pods */,
				A5746828C2B8E36628E1196F /* Frameworks */,
			);
			sourceTree = "<group>";
		};
		BDECC3922C667239007EDEFE /* Products */ = {
			isa = PBXGroup;
			children = (
				BDECC3912C667239007EDEFE /* Cinetopia.app */,
			);
			name = Products;
			sourceTree = "<group>";
		};
		BDECC3932C667239007EDEFE /* Cinetopia */ = {
			isa = PBXGroup;
			children = (
				BD1695D22C752B0C00E5A930 /* Service */,
				BDEB1A6E2C6FC3270017E11A /* Cell */,
				BDEB1A6A2C6EFFF40017E11A /* Model */,
				BDEB1A692C6EF3400017E11A /* ViewControllers */,
				BDECC3942C667239007EDEFE /* AppDelegate.swift */,
				BDECC3962C667239007EDEFE /* SceneDelegate.swift */,
				BDECC39D2C667241007EDEFE /* Assets.xcassets */,
				BDECC39F2C667241007EDEFE /* LaunchScreen.storyboard */,
				BDECC3A22C667241007EDEFE /* Info.plist */,
			);
			path = Cinetopia;
			sourceTree = "<group>";
		};
/* End PBXGroup section */

/* Begin PBXNativeTarget section */
		BDECC3902C667239007EDEFE /* Cinetopia */ = {
			isa = PBXNativeTarget;
			buildConfigurationList = BDECC3A52C667241007EDEFE /* Build configuration list for PBXNativeTarget "Cinetopia" */;
			buildPhases = (
				F4AF9D022688317356608831 /* [CP] Check Pods Manifest.lock */,
				BDECC38D2C667239007EDEFE /* Sources */,
				BDECC38E2C667239007EDEFE /* Frameworks */,
				BDECC38F2C667239007EDEFE /* Resources */,
				4FF662CF4E8943CFE23D3B98 /* [CP] Embed Pods Frameworks */,
			);
			buildRules = (
			);
			dependencies = (
			);
			name = Cinetopia;
			productName = Cinetopia;
			productReference = BDECC3912C667239007EDEFE /* Cinetopia.app */;
			productType = "com.apple.product-type.application";
		};
/* End PBXNativeTarget section */

/* Begin PBXProject section */
		BDECC3892C667239007EDEFE /* Project object */ = {
			isa = PBXProject;
			attributes = {
				BuildIndependentTargetsInParallel = 1;
				LastSwiftUpdateCheck = 1540;
				LastUpgradeCheck = 1540;
				TargetAttributes = {
					BDECC3902C667239007EDEFE = {
						CreatedOnToolsVersion = 15.4;
					};
				};
			};
			buildConfigurationList = BDECC38C2C667239007EDEFE /* Build configuration list for PBXProject "Cinetopia" */;
			compatibilityVersion = "Xcode 14.0";
			developmentRegion = en;
			hasScannedForEncodings = 0;
			knownRegions = (
				en,
				Base,
			);
			mainGroup = BDECC3882C667239007EDEFE;
			productRefGroup = BDECC3922C667239007EDEFE /* Products */;
			projectDirPath = "";
			projectRoot = "";
			targets = (
				BDECC3902C667239007EDEFE /* Cinetopia */,
			);
		};
/* End PBXProject section */

/* Begin PBXResourcesBuildPhase section */
		BDECC38F2C667239007EDEFE /* Resources */ = {
			isa = PBXResourcesBuildPhase;
			buildActionMask = 2147483647;
			files = (
				BDECC39E2C667241007EDEFE /* Assets.xcassets in Resources */,
				BDECC3A12C667241007EDEFE /* Base in Resources */,
			);
			runOnlyForDeploymentPostprocessing = 0;
		};
/* End PBXResourcesBuildPhase section */

/* Begin PBXShellScriptBuildPhase section */
		4FF662CF4E8943CFE23D3B98 /* [CP] Embed Pods Frameworks */ = {
			isa = PBXShellScriptBuildPhase;
			buildActionMask = 2147483647;
			files = (
			);
			inputFileListPaths = (
				"${PODS_ROOT}/Target Support Files/Pods-Cinetopia/Pods-Cinetopia-frameworks-${CONFIGURATION}-input-files.xcfilelist",
			);
			name = "[CP] Embed Pods Frameworks";
			outputFileListPaths = (
				"${PODS_ROOT}/Target Support Files/Pods-Cinetopia/Pods-Cinetopia-frameworks-${CONFIGURATION}-output-files.xcfilelist",
			);
			runOnlyForDeploymentPostprocessing = 0;
			shellPath = /bin/sh;
			shellScript = "\"${PODS_ROOT}/Target Support Files/Pods-Cinetopia/Pods-Cinetopia-frameworks.sh\"\n";
			showEnvVarsInLog = 0;
		};
		F4AF9D022688317356608831 /* [CP] Check Pods Manifest.lock */ = {
			isa = PBXShellScriptBuildPhase;
			buildActionMask = 2147483647;
			files = (
			);
			inputFileListPaths = (
			);
			inputPaths = (
				"${PODS_PODFILE_DIR_PATH}/Podfile.lock",
				"${PODS_ROOT}/Manifest.lock",
			);
			name = "[CP] Check Pods Manifest.lock";
			outputFileListPaths = (
			);
			outputPaths = (
				"$(DERIVED_FILE_DIR)/Pods-Cinetopia-checkManifestLockResult.txt",
			);
			runOnlyForDeploymentPostprocessing = 0;
			shellPath = /bin/sh;
			shellScript = "diff \"${PODS_PODFILE_DIR_PATH}/Podfile.lock\" \"${PODS_ROOT}/Manifest.lock\" > /dev/null\nif [ $? != 0 ] ; then\n    # print error to STDERR\n    echo \"error: The sandbox is not in sync with the Podfile.lock. Run 'pod install' or update your CocoaPods installation.\" >&2\n    exit 1\nfi\n# This output is used by Xcode 'outputs' to avoid re-running this script phase.\necho \"SUCCESS\" > \"${SCRIPT_OUTPUT_FILE_0}\"\n";
			showEnvVarsInLog = 0;
		};
/* End PBXShellScriptBuildPhase section */

/* Begin PBXSourcesBuildPhase section */
		BDECC38D2C667239007EDEFE /* Sources */ = {
			isa = PBXSourcesBuildPhase;
			buildActionMask = 2147483647;
			files = (
				BD6603FB2C8F97DA00B7D901 /* FavoriteMoviesViewController.swift in Sources */,
				BD6603FD2C8FB49B00B7D901 /* FavoriteMovieCollectionViewCell.swift in Sources */,
				BDECC3992C667239007EDEFE /* HomeViewController.swift in Sources */,
				BDECC3952C667239007EDEFE /* AppDelegate.swift in Sources */,
				BD09BED52C937AC1001C8AC8 /* FavoriteCollectionReusableView.swift in Sources */,
				BDEB1A702C6FC3550017E11A /* MovieTableViewCell.swift in Sources */,
				BDEB1A722C738AF80017E11A /* MovieDetailsViewController.swift in Sources */,
				BDECC3972C667239007EDEFE /* SceneDelegate.swift in Sources */,
				BD4733262C6B7B120000777B /* MoviesViewController.swift in Sources */,
				BD09BED72C9475B5001C8AC8 /* TabBarController.swift in Sources */,
				BD1695D42C752B2100E5A930 /* MovieService.swift in Sources */,
				BDEB1A6D2C6F00650017E11A /* Movie.swift in Sources */,
			);
			runOnlyForDeploymentPostprocessing = 0;
		};
/* End PBXSourcesBuildPhase section */

/* Begin PBXVariantGroup section */
		BDECC39F2C667241007EDEFE /* LaunchScreen.storyboard */ = {
			isa = PBXVariantGroup;
			children = (
				BDECC3A02C667241007EDEFE /* Base */,
			);
			name = LaunchScreen.storyboard;
			sourceTree = "<group>";
		};
/* End PBXVariantGroup section */

/* Begin XCBuildConfiguration section */
		BDECC3A32C667241007EDEFE /* Debug */ = {
			isa = XCBuildConfiguration;
			buildSettings = {
				ALWAYS_SEARCH_USER_PATHS = NO;
				ASSETCATALOG_COMPILER_GENERATE_SWIFT_ASSET_SYMBOL_EXTENSIONS = YES;
				CLANG_ANALYZER_NONNULL = YES;
				CLANG_ANALYZER_NUMBER_OBJECT_CONVERSION = YES_AGGRESSIVE;
				CLANG_CXX_LANGUAGE_STANDARD = "gnu++20";
				CLANG_ENABLE_MODULES = YES;
				CLANG_ENABLE_OBJC_ARC = YES;
				CLANG_ENABLE_OBJC_WEAK = YES;
				CLANG_WARN_BLOCK_CAPTURE_AUTORELEASING = YES;
				CLANG_WARN_BOOL_CONVERSION = YES;
				CLANG_WARN_COMMA = YES;
				CLANG_WARN_CONSTANT_CONVERSION = YES;
				CLANG_WARN_DEPRECATED_OBJC_IMPLEMENTATIONS = YES;
				CLANG_WARN_DIRECT_OBJC_ISA_USAGE = YES_ERROR;
				CLANG_WARN_DOCUMENTATION_COMMENTS = YES;
				CLANG_WARN_EMPTY_BODY = YES;
				CLANG_WARN_ENUM_CONVERSION = YES;
				CLANG_WARN_INFINITE_RECURSION = YES;
				CLANG_WARN_INT_CONVERSION = YES;
				CLANG_WARN_NON_LITERAL_NULL_CONVERSION = YES;
				CLANG_WARN_OBJC_IMPLICIT_RETAIN_SELF = YES;
				CLANG_WARN_OBJC_LITERAL_CONVERSION = YES;
				CLANG_WARN_OBJC_ROOT_CLASS = YES_ERROR;
				CLANG_WARN_QUOTED_INCLUDE_IN_FRAMEWORK_HEADER = YES;
				CLANG_WARN_RANGE_LOOP_ANALYSIS = YES;
				CLANG_WARN_STRICT_PROTOTYPES = YES;
				CLANG_WARN_SUSPICIOUS_MOVE = YES;
				CLANG_WARN_UNGUARDED_AVAILABILITY = YES_AGGRESSIVE;
				CLANG_WARN_UNREACHABLE_CODE = YES;
				CLANG_WARN__DUPLICATE_METHOD_MATCH = YES;
				COPY_PHASE_STRIP = NO;
				DEBUG_INFORMATION_FORMAT = dwarf;
				ENABLE_STRICT_OBJC_MSGSEND = YES;
				ENABLE_TESTABILITY = YES;
				ENABLE_USER_SCRIPT_SANDBOXING = YES;
				GCC_C_LANGUAGE_STANDARD = gnu17;
				GCC_DYNAMIC_NO_PIC = NO;
				GCC_NO_COMMON_BLOCKS = YES;
				GCC_OPTIMIZATION_LEVEL = 0;
				GCC_PREPROCESSOR_DEFINITIONS = (
					"DEBUG=1",
					"$(inherited)",
				);
				GCC_WARN_64_TO_32_BIT_CONVERSION = YES;
				GCC_WARN_ABOUT_RETURN_TYPE = YES_ERROR;
				GCC_WARN_UNDECLARED_SELECTOR = YES;
				GCC_WARN_UNINITIALIZED_AUTOS = YES_AGGRESSIVE;
				GCC_WARN_UNUSED_FUNCTION = YES;
				GCC_WARN_UNUSED_VARIABLE = YES;
				IPHONEOS_DEPLOYMENT_TARGET = 17.5;
				LOCALIZATION_PREFERS_STRING_CATALOGS = YES;
				MTL_ENABLE_DEBUG_INFO = INCLUDE_SOURCE;
				MTL_FAST_MATH = YES;
				ONLY_ACTIVE_ARCH = YES;
				SDKROOT = iphoneos;
				SWIFT_ACTIVE_COMPILATION_CONDITIONS = "DEBUG $(inherited)";
				SWIFT_OPTIMIZATION_LEVEL = "-Onone";
			};
			name = Debug;
		};
		BDECC3A42C667241007EDEFE /* Release */ = {
			isa = XCBuildConfiguration;
			buildSettings = {
				ALWAYS_SEARCH_USER_PATHS = NO;
				ASSETCATALOG_COMPILER_GENERATE_SWIFT_ASSET_SYMBOL_EXTENSIONS = YES;
				CLANG_ANALYZER_NONNULL = YES;
				CLANG_ANALYZER_NUMBER_OBJECT_CONVERSION = YES_AGGRESSIVE;
				CLANG_CXX_LANGUAGE_STANDARD = "gnu++20";
				CLANG_ENABLE_MODULES = YES;
				CLANG_ENABLE_OBJC_ARC = YES;
				CLANG_ENABLE_OBJC_WEAK = YES;
				CLANG_WARN_BLOCK_CAPTURE_AUTORELEASING = YES;
				CLANG_WARN_BOOL_CONVERSION = YES;
				CLANG_WARN_COMMA = YES;
				CLANG_WARN_CONSTANT_CONVERSION = YES;
				CLANG_WARN_DEPRECATED_OBJC_IMPLEMENTATIONS = YES;
				CLANG_WARN_DIRECT_OBJC_ISA_USAGE = YES_ERROR;
				CLANG_WARN_DOCUMENTATION_COMMENTS = YES;
				CLANG_WARN_EMPTY_BODY = YES;
				CLANG_WARN_ENUM_CONVERSION = YES;
				CLANG_WARN_INFINITE_RECURSION = YES;
				CLANG_WARN_INT_CONVERSION = YES;
				CLANG_WARN_NON_LITERAL_NULL_CONVERSION = YES;
				CLANG_WARN_OBJC_IMPLICIT_RETAIN_SELF = YES;
				CLANG_WARN_OBJC_LITERAL_CONVERSION = YES;
				CLANG_WARN_OBJC_ROOT_CLASS = YES_ERROR;
				CLANG_WARN_QUOTED_INCLUDE_IN_FRAMEWORK_HEADER = YES;
				CLANG_WARN_RANGE_LOOP_ANALYSIS = YES;
				CLANG_WARN_STRICT_PROTOTYPES = YES;
				CLANG_WARN_SUSPICIOUS_MOVE = YES;
				CLANG_WARN_UNGUARDED_AVAILABILITY = YES_AGGRESSIVE;
				CLANG_WARN_UNREACHABLE_CODE = YES;
				CLANG_WARN__DUPLICATE_METHOD_MATCH = YES;
				COPY_PHASE_STRIP = NO;
				DEBUG_INFORMATION_FORMAT = "dwarf-with-dsym";
				ENABLE_NS_ASSERTIONS = NO;
				ENABLE_STRICT_OBJC_MSGSEND = YES;
				ENABLE_USER_SCRIPT_SANDBOXING = YES;
				GCC_C_LANGUAGE_STANDARD = gnu17;
				GCC_NO_COMMON_BLOCKS = YES;
				GCC_WARN_64_TO_32_BIT_CONVERSION = YES;
				GCC_WARN_ABOUT_RETURN_TYPE = YES_ERROR;
				GCC_WARN_UNDECLARED_SELECTOR = YES;
				GCC_WARN_UNINITIALIZED_AUTOS = YES_AGGRESSIVE;
				GCC_WARN_UNUSED_FUNCTION = YES;
				GCC_WARN_UNUSED_VARIABLE = YES;
				IPHONEOS_DEPLOYMENT_TARGET = 17.5;
				LOCALIZATION_PREFERS_STRING_CATALOGS = YES;
				MTL_ENABLE_DEBUG_INFO = NO;
				MTL_FAST_MATH = YES;
				SDKROOT = iphoneos;
				SWIFT_COMPILATION_MODE = wholemodule;
				VALIDATE_PRODUCT = YES;
			};
			name = Release;
		};
		BDECC3A62C667241007EDEFE /* Debug */ = {
			isa = XCBuildConfiguration;
			baseConfigurationReference = 601E321DE09054B3B93E9EF1 /* Pods-Cinetopia.debug.xcconfig */;
			buildSettings = {
				ASSETCATALOG_COMPILER_APPICON_NAME = AppIcon;
				ASSETCATALOG_COMPILER_GLOBAL_ACCENT_COLOR_NAME = AccentColor;
				CODE_SIGN_STYLE = Automatic;
				CURRENT_PROJECT_VERSION = 1;
				DEVELOPMENT_TEAM = VG5M592NA9;
				ENABLE_USER_SCRIPT_SANDBOXING = NO;
				GENERATE_INFOPLIST_FILE = YES;
				INFOPLIST_FILE = Cinetopia/Info.plist;
				INFOPLIST_KEY_UIApplicationSupportsIndirectInputEvents = YES;
				INFOPLIST_KEY_UILaunchStoryboardName = LaunchScreen;
				INFOPLIST_KEY_UISupportedInterfaceOrientations_iPad = "UIInterfaceOrientationPortrait UIInterfaceOrientationPortraitUpsideDown UIInterfaceOrientationLandscapeLeft UIInterfaceOrientationLandscapeRight";
				INFOPLIST_KEY_UISupportedInterfaceOrientations_iPhone = "UIInterfaceOrientationPortrait UIInterfaceOrientationLandscapeLeft UIInterfaceOrientationLandscapeRight";
				LD_RUNPATH_SEARCH_PATHS = (
					"$(inherited)",
					"@executable_path/Frameworks",
				);
				MARKETING_VERSION = 1.0;
				PRODUCT_BUNDLE_IDENTIFIER = com.pedrodelmondes.Cinetopia;
				PRODUCT_NAME = "$(TARGET_NAME)";
				SWIFT_EMIT_LOC_STRINGS = YES;
				SWIFT_VERSION = 5.0;
				TARGETED_DEVICE_FAMILY = "1,2";
			};
			name = Debug;
		};
		BDECC3A72C667241007EDEFE /* Release */ = {
			isa = XCBuildConfiguration;
			baseConfigurationReference = 8013102371F53AA2CD2FDD28 /* Pods-Cinetopia.release.xcconfig */;
			buildSettings = {
				ASSETCATALOG_COMPILER_APPICON_NAME = AppIcon;
				ASSETCATALOG_COMPILER_GLOBAL_ACCENT_COLOR_NAME = AccentColor;
				CODE_SIGN_STYLE = Automatic;
				CURRENT_PROJECT_VERSION = 1;
				DEVELOPMENT_TEAM = VG5M592NA9;
				ENABLE_USER_SCRIPT_SANDBOXING = NO;
				GENERATE_INFOPLIST_FILE = YES;
				INFOPLIST_FILE = Cinetopia/Info.plist;
				INFOPLIST_KEY_UIApplicationSupportsIndirectInputEvents = YES;
				INFOPLIST_KEY_UILaunchStoryboardName = LaunchScreen;
				INFOPLIST_KEY_UISupportedInterfaceOrientations_iPad = "UIInterfaceOrientationPortrait UIInterfaceOrientationPortraitUpsideDown UIInterfaceOrientationLandscapeLeft UIInterfaceOrientationLandscapeRight";
				INFOPLIST_KEY_UISupportedInterfaceOrientations_iPhone = "UIInterfaceOrientationPortrait UIInterfaceOrientationLandscapeLeft UIInterfaceOrientationLandscapeRight";
				LD_RUNPATH_SEARCH_PATHS = (
					"$(inherited)",
					"@executable_path/Frameworks",
				);
				MARKETING_VERSION = 1.0;
				PRODUCT_BUNDLE_IDENTIFIER = com.pedrodelmondes.Cinetopia;
				PRODUCT_NAME = "$(TARGET_NAME)";
				SWIFT_EMIT_LOC_STRINGS = YES;
				SWIFT_VERSION = 5.0;
				TARGETED_DEVICE_FAMILY = "1,2";
			};
			name = Release;
		};
/* End XCBuildConfiguration section */

/* Begin XCConfigurationList section */
		BDECC38C2C667239007EDEFE /* Build configuration list for PBXProject "Cinetopia" */ = {
			isa = XCConfigurationList;
			buildConfigurations = (
				BDECC3A32C667241007EDEFE /* Debug */,
				BDECC3A42C667241007EDEFE /* Release */,
			);
			defaultConfigurationIsVisible = 0;
			defaultConfigurationName = Release;
		};
		BDECC3A52C667241007EDEFE /* Build configuration list for PBXNativeTarget "Cinetopia" */ = {
			isa = XCConfigurationList;
			buildConfigurations = (
				BDECC3A62C667241007EDEFE /* Debug */,
				BDECC3A72C667241007EDEFE /* Release */,
			);
			defaultConfigurationIsVisible = 0;
			defaultConfigurationName = Release;
		};
/* End XCConfigurationList section */
	};
	rootObject = BDECC3892C667239007EDEFE /* Project object */;
}
